
Microsoft Visual Studio Solution File, Format Version 12.00
# Visual Studio Version 17
VisualStudioVersion = 17.10.35013.160
MinimumVisualStudioVersion = 10.0.40219.1
Project("{FAE04EC0-301F-11D3-BF4B-00C04F79EFBC}") = "BulkyWeb", "BulkyWeb\BulkyWeb.csproj", "{42404CE8-5336-47F8-8FC9-923978D61384}"
EndProject
Global
	GlobalSection(SolutionConfigurationPlatforms) = preSolution
		Debug|Any CPU = Debug|Any CPU
		Release|Any CPU = Release|Any CPU
	EndGlobalSection
	GlobalSection(ProjectConfigurationPlatforms) = postSolution
		{42404CE8-5336-47F8-8FC9-923978D61384}.Debug|Any CPU.ActiveCfg = Debug|Any CPU
		{42404CE8-5336-47F8-8FC9-923978D61384}.Debug|Any CPU.Build.0 = Debug|Any CPU
		{42404CE8-5336-47F8-8FC9-923978D61384}.Release|Any CPU.ActiveCfg = Release|Any CPU
		{42404CE8-5336-47F8-8FC9-923978D61384}.Release|Any CPU.Build.0 = Release|Any CPU
	EndGlobalSection
	GlobalSection(SolutionProperties) = preSolution
		HideSolutionNode = FALSE
	EndGlobalSection
	GlobalSection(ExtensibilityGlobals) = postSolution
		SolutionGuid = {E216EB1A-DDE8-4489-B853-4810461883B8}
	EndGlobalSection
EndGlobal
